
Microsoft Visual Studio Solution File, Format Version 12.00
# Visual Studio Version 17
VisualStudioVersion = 17.4.33205.214
MinimumVisualStudioVersion = 10.0.40219.1
Project("{8BC9CEB8-8B4A-11D0-8D11-00A0C91BC942}") = "DsProject", "DsProject.vcxproj", "{AAFB4954-102D-4A06-A60E-1C9D05A7C914}"
EndProject
Global
	GlobalSection(SolutionConfigurationPlatforms) = preSolution
		Debug|x64 = Debug|x64
		Debug|x86 = Debug|x86
		Release|x64 = Release|x64
		Release|x86 = Release|x86
	EndGlobalSection
	GlobalSection(ProjectConfigurationPlatforms) = postSolution
		{AAFB4954-102D-4A06-A60E-1C9D05A7C914}.Debug|x64.ActiveCfg = Debug|x64
		{AAFB4954-102D-4A06-A60E-1C9D05A7C914}.Debug|x64.Build.0 = Debug|x64
		{AAFB4954-102D-4A06-A60E-1C9D05A7C914}.Debug|x86.ActiveCfg = Debug|Win32
		{AAFB4954-102D-4A06-A60E-1C9D05A7C914}.Debug|x86.Build.0 = Debug|Win32
		{AAFB4954-102D-4A06-A60E-1C9D05A7C914}.Release|x64.ActiveCfg = Release|x64
		{AAFB4954-102D-4A06-A60E-1C9D05A7C914}.Release|x64.Build.0 = Release|x64
		{AAFB4954-102D-4A06-A60E-1C9D05A7C914}.Release|x86.ActiveCfg = Release|Win32
		{AAFB4954-102D-4A06-A60E-1C9D05A7C914}.Release|x86.Build.0 = Release|Win32
	EndGlobalSection
	GlobalSection(SolutionProperties) = preSolution
		HideSolutionNode = FALSE
	EndGlobalSection
	GlobalSection(ExtensibilityGlobals) = postSolution
		SolutionGuid = {44698964-6902-44DC-AD4F-7A853B1EE7BA}
	EndGlobalSection
EndGlobal
